
Microsoft Visual Studio Solution File, Format Version 12.00
# Visual Studio 14
VisualStudioVersion = 14.0.25420.1
MinimumVisualStudioVersion = 10.0.40219.1
Project("{FAE04EC0-301F-11D3-BF4B-00C04F79EFBC}") = "Practicando3", "Practicando3\Practicando3.csproj", "{43034C70-39B6-4C21-A969-DFAD445F6CF2}"
EndProject
Project("{FAE04EC0-301F-11D3-BF4B-00C04F79EFBC}") = "BaseDeDatos", "BaseDeDatos\BaseDeDatos.csproj", "{5BB51EB9-8785-4935-B378-AECC067CB57F}"
EndProject
Global
	GlobalSection(SolutionConfigurationPlatforms) = preSolution
		Debug|Any CPU = Debug|Any CPU
		Release|Any CPU = Release|Any CPU
	EndGlobalSection
	GlobalSection(ProjectConfigurationPlatforms) = postSolution
		{43034C70-39B6-4C21-A969-DFAD445F6CF2}.Debug|Any CPU.ActiveCfg = Debug|Any CPU
		{43034C70-39B6-4C21-A969-DFAD445F6CF2}.Debug|Any CPU.Build.0 = Debug|Any CPU
		{43034C70-39B6-4C21-A969-DFAD445F6CF2}.Release|Any CPU.ActiveCfg = Release|Any CPU
		{43034C70-39B6-4C21-A969-DFAD445F6CF2}.Release|Any CPU.Build.0 = Release|Any CPU
		{5BB51EB9-8785-4935-B378-AECC067CB57F}.Debug|Any CPU.ActiveCfg = Debug|Any CPU
		{5BB51EB9-8785-4935-B378-AECC067CB57F}.Debug|Any CPU.Build.0 = Debug|Any CPU
		{5BB51EB9-8785-4935-B378-AECC067CB57F}.Release|Any CPU.ActiveCfg = Release|Any CPU
		{5BB51EB9-8785-4935-B378-AECC067CB57F}.Release|Any CPU.Build.0 = Release|Any CPU
	EndGlobalSection
	GlobalSection(SolutionProperties) = preSolution
		HideSolutionNode = FALSE
	EndGlobalSection
EndGlobal
